
Microsoft Visual Studio Solution File, Format Version 12.00
# Visual Studio Version 16
VisualStudioVersion = 16.0.31729.503
MinimumVisualStudioVersion = 10.0.40219.1
Project("{FAE04EC0-301F-11D3-BF4B-00C04F79EFBC}") = "MCD_ArrayListOrnek2", "MCD_ArrayListOrnek2\MCD_ArrayListOrnek2.csproj", "{DE55F417-1BBA-4EAD-97D4-4A1071E96C70}"
EndProject
Global
	GlobalSection(SolutionConfigurationPlatforms) = preSolution
		Debug|Any CPU = Debug|Any CPU
		Release|Any CPU = Release|Any CPU
	EndGlobalSection
	GlobalSection(ProjectConfigurationPlatforms) = postSolution
		{DE55F417-1BBA-4EAD-97D4-4A1071E96C70}.Debug|Any CPU.ActiveCfg = Debug|Any CPU
		{DE55F417-1BBA-4EAD-97D4-4A1071E96C70}.Debug|Any CPU.Build.0 = Debug|Any CPU
		{DE55F417-1BBA-4EAD-97D4-4A1071E96C70}.Release|Any CPU.ActiveCfg = Release|Any CPU
		{DE55F417-1BBA-4EAD-97D4-4A1071E96C70}.Release|Any CPU.Build.0 = Release|Any CPU
	EndGlobalSection
	GlobalSection(SolutionProperties) = preSolution
		HideSolutionNode = FALSE
	EndGlobalSection
	GlobalSection(ExtensibilityGlobals) = postSolution
		SolutionGuid = {46C059F4-E13A-4476-811D-5C8D9FAB5EF5}
	EndGlobalSection
EndGlobal
